
Microsoft Visual Studio Solution File, Format Version 12.00
# Visual Studio Version 16
VisualStudioVersion = 16.0.29102.190
MinimumVisualStudioVersion = 10.0.40219.1
Project("{FAE04EC0-301F-11D3-BF4B-00C04F79EFBC}") = "Snape", "Snape.csproj", "{EFF38A34-96D2-4AEE-A72A-482F9F61CFBD}"
EndProject
Global
	GlobalSection(SolutionConfigurationPlatforms) = preSolution
		Debug|Any CPU = Debug|Any CPU
		Release|Any CPU = Release|Any CPU
	EndGlobalSection
	GlobalSection(ProjectConfigurationPlatforms) = postSolution
		{EFF38A34-96D2-4AEE-A72A-482F9F61CFBD}.Debug|Any CPU.ActiveCfg = Debug|Any CPU
		{EFF38A34-96D2-4AEE-A72A-482F9F61CFBD}.Debug|Any CPU.Build.0 = Debug|Any CPU
		{EFF38A34-96D2-4AEE-A72A-482F9F61CFBD}.Release|Any CPU.ActiveCfg = Release|Any CPU
		{EFF38A34-96D2-4AEE-A72A-482F9F61CFBD}.Release|Any CPU.Build.0 = Release|Any CPU
	EndGlobalSection
	GlobalSection(SolutionProperties) = preSolution
		HideSolutionNode = FALSE
	EndGlobalSection
	GlobalSection(ExtensibilityGlobals) = postSolution
		SolutionGuid = {C1235432-CAF3-430E-A2A6-C6633D32BD3D}
	EndGlobalSection
EndGlobal
